
Microsoft Visual Studio Solution File, Format Version 12.00
# Visual Studio Version 17
VisualStudioVersion = 17.14.36915.13 d17.14
MinimumVisualStudioVersion = 10.0.40219.1
Project("{FAE04EC0-301F-11D3-BF4B-00C04F79EFBC}") = "MAP2Bien", "MAP2Bien\MAP2Bien.csproj", "{B38839F2-3427-484F-9A42-CDCB2350AE85}"
EndProject
Global
	GlobalSection(SolutionConfigurationPlatforms) = preSolution
		Debug|Any CPU = Debug|Any CPU
		Release|Any CPU = Release|Any CPU
	EndGlobalSection
	GlobalSection(ProjectConfigurationPlatforms) = postSolution
		{B38839F2-3427-484F-9A42-CDCB2350AE85}.Debug|Any CPU.ActiveCfg = Debug|Any CPU
		{B38839F2-3427-484F-9A42-CDCB2350AE85}.Debug|Any CPU.Build.0 = Debug|Any CPU
		{B38839F2-3427-484F-9A42-CDCB2350AE85}.Release|Any CPU.ActiveCfg = Release|Any CPU
		{B38839F2-3427-484F-9A42-CDCB2350AE85}.Release|Any CPU.Build.0 = Release|Any CPU
	EndGlobalSection
	GlobalSection(SolutionProperties) = preSolution
		HideSolutionNode = FALSE
	EndGlobalSection
	GlobalSection(ExtensibilityGlobals) = postSolution
		SolutionGuid = {20A1653D-7C99-40EC-9577-1EB6FB965602}
	EndGlobalSection
EndGlobal
